
Microsoft Visual Studio Solution File, Format Version 12.00
# Visual Studio Version 17
VisualStudioVersion = 17.14.36429.23 d17.14
MinimumVisualStudioVersion = 10.0.40219.1
Project("{FAE04EC0-301F-11D3-BF4B-00C04F79EFBC}") = "LinQDemo", "LinQDemo.csproj", "{37135627-89ED-4B63-9E91-D2AEAB182FA8}"
EndProject
Global
	GlobalSection(SolutionConfigurationPlatforms) = preSolution
		Debug|Any CPU = Debug|Any CPU
		Release|Any CPU = Release|Any CPU
	EndGlobalSection
	GlobalSection(ProjectConfigurationPlatforms) = postSolution
		{37135627-89ED-4B63-9E91-D2AEAB182FA8}.Debug|Any CPU.ActiveCfg = Debug|Any CPU
		{37135627-89ED-4B63-9E91-D2AEAB182FA8}.Debug|Any CPU.Build.0 = Debug|Any CPU
		{37135627-89ED-4B63-9E91-D2AEAB182FA8}.Release|Any CPU.ActiveCfg = Release|Any CPU
		{37135627-89ED-4B63-9E91-D2AEAB182FA8}.Release|Any CPU.Build.0 = Release|Any CPU
	EndGlobalSection
	GlobalSection(SolutionProperties) = preSolution
		HideSolutionNode = FALSE
	EndGlobalSection
	GlobalSection(ExtensibilityGlobals) = postSolution
		SolutionGuid = {CD888286-F80E-4E54-A231-4247F29B99C4}
	EndGlobalSection
EndGlobal
