
Microsoft Visual Studio Solution File, Format Version 12.00
# Visual Studio Version 17
VisualStudioVersion = 17.14.36429.23 d17.14
MinimumVisualStudioVersion = 10.0.40219.1
Project("{FAE04EC0-301F-11D3-BF4B-00C04F79EFBC}") = "Singleton", "Singleton.csproj", "{4203FB62-2835-4A10-9DAF-03FFE96D5E38}"
EndProject
Global
	GlobalSection(SolutionConfigurationPlatforms) = preSolution
		Debug|Any CPU = Debug|Any CPU
		Release|Any CPU = Release|Any CPU
	EndGlobalSection
	GlobalSection(ProjectConfigurationPlatforms) = postSolution
		{4203FB62-2835-4A10-9DAF-03FFE96D5E38}.Debug|Any CPU.ActiveCfg = Debug|Any CPU
		{4203FB62-2835-4A10-9DAF-03FFE96D5E38}.Debug|Any CPU.Build.0 = Debug|Any CPU
		{4203FB62-2835-4A10-9DAF-03FFE96D5E38}.Release|Any CPU.ActiveCfg = Release|Any CPU
		{4203FB62-2835-4A10-9DAF-03FFE96D5E38}.Release|Any CPU.Build.0 = Release|Any CPU
	EndGlobalSection
	GlobalSection(SolutionProperties) = preSolution
		HideSolutionNode = FALSE
	EndGlobalSection
	GlobalSection(ExtensibilityGlobals) = postSolution
		SolutionGuid = {4F66ACF8-5157-4DD1-9DF3-B95725DF7816}
	EndGlobalSection
EndGlobal
