
Microsoft Visual Studio Solution File, Format Version 12.00
# Visual Studio Version 17
VisualStudioVersion = 17.14.36429.23 d17.14
MinimumVisualStudioVersion = 10.0.40219.1
Project("{FAE04EC0-301F-11D3-BF4B-00C04F79EFBC}") = "Inheritance", "Inheritance.csproj", "{F996FC8E-7CA2-43C0-A3E6-71643CD5387C}"
EndProject
Global
	GlobalSection(SolutionConfigurationPlatforms) = preSolution
		Debug|Any CPU = Debug|Any CPU
		Release|Any CPU = Release|Any CPU
	EndGlobalSection
	GlobalSection(ProjectConfigurationPlatforms) = postSolution
		{F996FC8E-7CA2-43C0-A3E6-71643CD5387C}.Debug|Any CPU.ActiveCfg = Debug|Any CPU
		{F996FC8E-7CA2-43C0-A3E6-71643CD5387C}.Debug|Any CPU.Build.0 = Debug|Any CPU
		{F996FC8E-7CA2-43C0-A3E6-71643CD5387C}.Release|Any CPU.ActiveCfg = Release|Any CPU
		{F996FC8E-7CA2-43C0-A3E6-71643CD5387C}.Release|Any CPU.Build.0 = Release|Any CPU
	EndGlobalSection
	GlobalSection(SolutionProperties) = preSolution
		HideSolutionNode = FALSE
	EndGlobalSection
	GlobalSection(ExtensibilityGlobals) = postSolution
		SolutionGuid = {B31410C2-AFC3-403F-9825-3CC953822C57}
	EndGlobalSection
EndGlobal
